
Microsoft Visual Studio Solution File, Format Version 12.00
# Visual Studio Version 17
VisualStudioVersion = 17.8.34330.188
MinimumVisualStudioVersion = 10.0.40219.1
Project("{FAE04EC0-301F-11D3-BF4B-00C04F79EFBC}") = "Kreveta", "Kreveta\Kreveta.csproj", "{D22E95B6-C2C7-4002-8831-71A05D8BFE6B}"
EndProject
Project("{8BC9CEB8-8B4A-11D0-8D11-00A0C91BC942}") = "KrevetaMoveGenerator", "KrevetaMoveGenerator\KrevetaMoveGenerator.vcxproj", "{FA0C7FA0-809B-4465-90A9-C8FE437B517E}"
EndProject
Project("{8BC9CEB8-8B4A-11D0-8D11-00A0C91BC942}") = "KrevetaNativeBridge", "KrevetaNativeBridge\KrevetaNativeBridge.vcxproj", "{245A83F5-8A11-A768-CEE0-E4EA5291489C}"
EndProject
Global
	GlobalSection(SolutionConfigurationPlatforms) = preSolution
		Debug|x64 = Debug|x64
		Release|x64 = Release|x64
	EndGlobalSection
	GlobalSection(ProjectConfigurationPlatforms) = postSolution
		{D22E95B6-C2C7-4002-8831-71A05D8BFE6B}.Debug|x64.ActiveCfg = Debug|Any CPU
		{D22E95B6-C2C7-4002-8831-71A05D8BFE6B}.Debug|x64.Build.0 = Debug|Any CPU
		{D22E95B6-C2C7-4002-8831-71A05D8BFE6B}.Release|x64.ActiveCfg = Release|Any CPU
		{D22E95B6-C2C7-4002-8831-71A05D8BFE6B}.Release|x64.Build.0 = Release|Any CPU
		{FA0C7FA0-809B-4465-90A9-C8FE437B517E}.Debug|x64.ActiveCfg = Debug|x64
		{FA0C7FA0-809B-4465-90A9-C8FE437B517E}.Debug|x64.Build.0 = Debug|x64
		{FA0C7FA0-809B-4465-90A9-C8FE437B517E}.Release|x64.ActiveCfg = Release|x64
		{FA0C7FA0-809B-4465-90A9-C8FE437B517E}.Release|x64.Build.0 = Release|x64
		{245A83F5-8A11-A768-CEE0-E4EA5291489C}.Debug|x64.ActiveCfg = Debug|x64
		{245A83F5-8A11-A768-CEE0-E4EA5291489C}.Debug|x64.Build.0 = Debug|x64
		{245A83F5-8A11-A768-CEE0-E4EA5291489C}.Release|x64.ActiveCfg = Release|x64
		{245A83F5-8A11-A768-CEE0-E4EA5291489C}.Release|x64.Build.0 = Release|x64
	EndGlobalSection
	GlobalSection(SolutionProperties) = preSolution
		HideSolutionNode = FALSE
	EndGlobalSection
	GlobalSection(ExtensibilityGlobals) = postSolution
		SolutionGuid = {2D658F51-264D-476E-91A6-0A1D6908FD68}
	EndGlobalSection
EndGlobal
